# This file is automatically @generated by Cargo.
# It is not intended for manual editing.
version = 3

[[package]]
name = "actas"
version = "0.1.0"

[[package]]
name = "arbitros"
version = "0.1.0"

[[package]]
name = "circulares"
version = "0.1.0"

[[package]]
name = "clubes"
version = "0.1.0"

[[package]]
name = "commons"
version = "0.1.0"

[[package]]
name = "delegaciones"
version = "0.1.0"

[[package]]
name = "divisiones"
version = "0.1.0"

[[package]]
name = "documentaciones"
version = "0.1.0"

[[package]]
name = "elo"
version = "0.1.0"

[[package]]
name = "fedechess"
version = "0.1.0"
dependencies = [
 "actas",
 "arbitros",
 "circulares",
 "clubes",
 "commons",
 "delegaciones",
 "divisiones",
 "documentaciones",
 "elo",
 "federados",
 "habilitados",
 "inscripciones",
 "jugadores",
 "logins",
 "monitores",
 "reglamentos",
 "torneos",
 "transeuntes",
]

[[package]]
name = "federados"
version = "0.1.0"

[[package]]
name = "habilitados"
version = "0.1.0"

[[package]]
name = "inscripciones"
version = "0.1.0"

[[package]]
name = "jugadores"
version = "0.1.0"

[[package]]
name = "logins"
version = "0.1.0"

[[package]]
name = "monitores"
version = "0.1.0"

[[package]]
name = "reglamentos"
version = "0.1.0"

[[package]]
name = "torneos"
version = "0.1.0"

[[package]]
name = "transeuntes"
version = "0.1.0"
